{
  "name": "dave-launchpad-2",
  "version": "1.0.0",
  "lockfileVersion": 1,
  "requires": true,
  "dependencies": {
    "bindings": {
      "version": "1.2.1",
      "resolved": "https://registry.npmjs.org/bindings/-/bindings-1.2.1.tgz",
      "integrity": "sha1-FK1hE4EtLTfXLme0ystLtyZQXxE="
    },
    "launchpad-mk2": {
      "version": "2.0.3",
      "resolved": "https://registry.npmjs.org/launchpad-mk2/-/launchpad-mk2-2.0.3.tgz",
      "integrity": "sha512-+hxn6KLVU0+By4I4ZtinwM2gOvDegAjvEhDo1X7fPZgqSjzDhw04pDir8HEJMdgHUkTQH27PjKGlSfh9OoOZ5g==",
      "requires": {
        "midi": "0.9.5"
      }
    },
    "midi": {
      "version": "0.9.5",
      "resolved": "https://registry.npmjs.org/midi/-/midi-0.9.5.tgz",
      "integrity": "sha1-/DI6/z6BsNQJnK7q1TW6Z5xunYg=",
      "requires": {
        "bindings": "1.2.1",
        "nan": "2.6.2"
      }
    },
    "nan": {
      "version": "2.6.2",
      "resolved": "https://registry.npmjs.org/nan/-/nan-2.6.2.tgz",
      "integrity": "sha1-5P805slf37WuzAjeZZb0NgWn20U="
    }
  }
}
